
Microsoft Visual Studio Solution File, Format Version 12.00
# Visual Studio Version 17
VisualStudioVersion = 17.7.34221.43
MinimumVisualStudioVersion = 10.0.40219.1
Project("{FAE04EC0-301F-11D3-BF4B-00C04F79EFBC}") = "Aplikacija za mini trgovinu", "Aplikacija za mini trgovinu\Aplikacija za mini trgovinu.csproj", "{012A310D-B68E-4AA1-8D12-7DE0C6CA74F3}"
EndProject
Global
	GlobalSection(SolutionConfigurationPlatforms) = preSolution
		Debug|Any CPU = Debug|Any CPU
		Release|Any CPU = Release|Any CPU
	EndGlobalSection
	GlobalSection(ProjectConfigurationPlatforms) = postSolution
		{012A310D-B68E-4AA1-8D12-7DE0C6CA74F3}.Debug|Any CPU.ActiveCfg = Debug|Any CPU
		{012A310D-B68E-4AA1-8D12-7DE0C6CA74F3}.Debug|Any CPU.Build.0 = Debug|Any CPU
		{012A310D-B68E-4AA1-8D12-7DE0C6CA74F3}.Release|Any CPU.ActiveCfg = Release|Any CPU
		{012A310D-B68E-4AA1-8D12-7DE0C6CA74F3}.Release|Any CPU.Build.0 = Release|Any CPU
	EndGlobalSection
	GlobalSection(SolutionProperties) = preSolution
		HideSolutionNode = FALSE
	EndGlobalSection
	GlobalSection(ExtensibilityGlobals) = postSolution
		SolutionGuid = {A22B71D9-0783-4826-9F3B-E7EBFF590D79}
	EndGlobalSection
EndGlobal
